
Microsoft Visual Studio Solution File, Format Version 12.00
# Visual Studio Version 17
VisualStudioVersion = 17.9.34622.214
MinimumVisualStudioVersion = 10.0.40219.1
Project("{FAE04EC0-301F-11D3-BF4B-00C04F79EFBC}") = "Punto2", "Punto2\Punto2.csproj", "{85341917-E820-4A53-8A82-4DE90AC2CA1E}"
EndProject
Global
	GlobalSection(SolutionConfigurationPlatforms) = preSolution
		Debug|Any CPU = Debug|Any CPU
		Release|Any CPU = Release|Any CPU
	EndGlobalSection
	GlobalSection(ProjectConfigurationPlatforms) = postSolution
		{85341917-E820-4A53-8A82-4DE90AC2CA1E}.Debug|Any CPU.ActiveCfg = Debug|Any CPU
		{85341917-E820-4A53-8A82-4DE90AC2CA1E}.Debug|Any CPU.Build.0 = Debug|Any CPU
		{85341917-E820-4A53-8A82-4DE90AC2CA1E}.Release|Any CPU.ActiveCfg = Release|Any CPU
		{85341917-E820-4A53-8A82-4DE90AC2CA1E}.Release|Any CPU.Build.0 = Release|Any CPU
	EndGlobalSection
	GlobalSection(SolutionProperties) = preSolution
		HideSolutionNode = FALSE
	EndGlobalSection
	GlobalSection(ExtensibilityGlobals) = postSolution
		SolutionGuid = {E890D62F-C8B9-47D8-9EAC-F6DD154AED9A}
	EndGlobalSection
EndGlobal
